{
  "name": "pex-shaders",
  "version": "1.0.0-alpha.14",
  "lockfileVersion": 3,
  "requires": true,
  "packages": {
    "": {
      "name": "pex-shaders",
      "version": "1.0.0-alpha.14",
      "license": "MIT",
      "dependencies": {
        "glsl-tone-map": "^2.0.1"
      },
      "engines": {
        "node": ">=18.0.0",
        "npm": ">=8.6.0"
      }
    },
    "node_modules/glsl-tone-map": {
      "version": "2.0.1",
      "resolved": "https://registry.npmjs.org/glsl-tone-map/-/glsl-tone-map-2.0.1.tgz",
      "integrity": "sha512-D2ieb4UA+7sNwP13SqNujNTPWnfqBrjWsCkk25J2EwQfT0BdTCxgTBur0jfqSiHOPQ/qOSA5uHPzegdMlAL7Aw==",
      "funding": [
        {
          "type": "individual",
          "url": "https://paypal.me/dmnsgn"
        },
        {
          "type": "individual",
          "url": "https://commerce.coinbase.com/checkout/56cbdf28-e323-48d8-9c98-7019e72c97f3"
        }
      ],
      "engines": {
        "node": ">=16.0.0",
        "npm": ">=7.0.0"
      }
    }
  }
}
