{
  "name": "pex-shaders",
  "version": "2.0.0",
  "lockfileVersion": 3,
  "requires": true,
  "packages": {
    "": {
      "name": "pex-shaders",
      "version": "2.0.0",
      "license": "MIT",
      "dependencies": {
        "glsl-smaa": "^3.0.0",
        "glsl-tone-map": "^2.2.0"
      },
      "devDependencies": {
        "webgpu": "^0.4.0"
      },
      "engines": {
        "node": ">=22.0.0",
        "npm": ">=10.5.1",
        "snowdev": "2.0.0-alpha.28"
      }
    },
    "node_modules/@webgpu/types": {
      "version": "0.1.71",
      "resolved": "https://registry.npmjs.org/@webgpu/types/-/types-0.1.71.tgz",
      "integrity": "sha512-mMy8/ODcKhab808co15eW+yN+HgXoQxRQHTiBV9Mrvl1r0ufnid7YOcI+gi4eUWSWl9ezD6TW2KXccrL8HCh2A==",
      "dev": true,
      "license": "BSD-3-Clause"
    },
    "node_modules/debug": {
      "version": "4.4.3",
      "resolved": "https://registry.npmjs.org/debug/-/debug-4.4.3.tgz",
      "integrity": "sha512-RGwwWnwQvkVfavKVt22FGLw+xYSdzARwm0ru6DhTVA3umU5hZc28V3kO4stgYryrTlLpuvgI9GiijltAjNbcqA==",
      "dev": true,
      "license": "MIT",
      "dependencies": {
        "ms": "^2.1.3"
      },
      "engines": {
        "node": ">=6.0"
      },
      "peerDependenciesMeta": {
        "supports-color": {
          "optional": true
        }
      }
    },
    "node_modules/glsl-smaa": {
      "version": "3.0.0",
      "resolved": "https://registry.npmjs.org/glsl-smaa/-/glsl-smaa-3.0.0.tgz",
      "integrity": "sha512-oYtopf+Ny28PEndA2tFvdrHRveuFBSWLlOBEM2pBe195jK4q8yda6W22d+ro3u+zA5kRfuJ7Gfe4vsFMfOblNA==",
      "funding": [
        {
          "type": "individual",
          "url": "https://paypal.me/dmnsgn"
        },
        {
          "type": "individual",
          "url": "https://commerce.coinbase.com/checkout/56cbdf28-e323-48d8-9c98-7019e72c97f3"
        }
      ],
      "license": "MIT",
      "engines": {
        "node": ">=22.0.0",
        "npm": ">=10.5.1",
        "snowdev": ">=2.5.x"
      }
    },
    "node_modules/glsl-tone-map": {
      "version": "2.2.0",
      "resolved": "https://registry.npmjs.org/glsl-tone-map/-/glsl-tone-map-2.2.0.tgz",
      "integrity": "sha512-5G0ApEWVd7yEuypW9yRv2nyca9toCoOVEEvXea1m8jw6L9dCRiNX8qBmeuZZ+ZkLnM4J8F+KsZFGsF+JIWgUEw==",
      "funding": [
        {
          "type": "individual",
          "url": "https://paypal.me/dmnsgn"
        },
        {
          "type": "individual",
          "url": "https://commerce.coinbase.com/checkout/56cbdf28-e323-48d8-9c98-7019e72c97f3"
        }
      ],
      "license": "MIT",
      "engines": {
        "node": ">=22.0.0",
        "npm": ">=10.5.1",
        "snowdev": "2.0.0-alpha.28"
      }
    },
    "node_modules/ms": {
      "version": "2.1.3",
      "resolved": "https://registry.npmjs.org/ms/-/ms-2.1.3.tgz",
      "integrity": "sha512-6FlzubTLZG3J2a/NVCAleEhjzq5oxgHyaCU9yYXvcLsvoVaHJq/s5xXI6/XXP6tz7R9xAOtHnSO/tXtF3WRTlA==",
      "dev": true,
      "license": "MIT"
    },
    "node_modules/webgpu": {
      "version": "0.4.0",
      "resolved": "https://registry.npmjs.org/webgpu/-/webgpu-0.4.0.tgz",
      "integrity": "sha512-F5pimn3Aoi0zWjuRdiVs5TnrUwSzD2lESBohsIUsqyitWkGRQlXU2fhV6ycXlQTa1bvAf3sjqiUpBEpmSQ5ptA==",
      "dev": true,
      "hasInstallScript": true,
      "license": "MIT",
      "dependencies": {
        "@webgpu/types": "^0.1.69",
        "debug": "^4.4.0"
      }
    }
  }
}
