{
  "name": "pex-shaders",
  "version": "1.0.0-alpha.31",
  "lockfileVersion": 3,
  "requires": true,
  "packages": {
    "": {
      "name": "pex-shaders",
      "version": "1.0.0-alpha.31",
      "license": "MIT",
      "dependencies": {
        "glsl-tone-map": "^2.1.1"
      },
      "engines": {
        "node": ">=22.0.0",
        "npm": ">=10.5.1",
        "snowdev": "2.0.0-alpha.28"
      }
    },
    "node_modules/glsl-tone-map": {
      "version": "2.1.1",
      "resolved": "https://registry.npmjs.org/glsl-tone-map/-/glsl-tone-map-2.1.1.tgz",
      "integrity": "sha512-p+I4CUdRU6E8xqTh1aM5NTqD5z+dnvhU6qtivJA9jG1rtkOvLHhxH2Pe4uKcmQ9u9gDV9ILKZFvVz9Hu5KGrWg==",
      "funding": [
        {
          "type": "individual",
          "url": "https://paypal.me/dmnsgn"
        },
        {
          "type": "individual",
          "url": "https://commerce.coinbase.com/checkout/56cbdf28-e323-48d8-9c98-7019e72c97f3"
        }
      ],
      "license": "MIT",
      "engines": {
        "node": ">=22.0.0",
        "npm": ">=10.5.1",
        "snowdev": "2.0.0-alpha.28"
      }
    }
  }
}
